<?xml version="1.0" encoding="utf-8"?>
<Project ToolsVersion="4.0" xmlns="http://schemas.microsoft.com/developer/msbuild/2003">
  <ItemGroup>
    <ClCompile Include="glad\src\glad.c" />
    <ClCompile Include="MultiFileStream.cpp" />
    <ClCompile Include="ReprojectionError.hpp" />
    <ClCompile Include="std_image.cpp" />
    <ClCompile Include="Structs.hpp" />
  </ItemGroup>
  <ItemGroup>
    <ClInclude Include="camera.hpp" />
    <ClInclude Include="CaptureDevice.hpp" />
    <ClInclude Include="ComputeShader.hpp" />
    <ClInclude Include="Data.hpp" />
    <ClInclude Include="Enums.hpp" />
    <ClInclude Include="FileAccess.hpp" />
    <ClInclude Include="glad\include\glad\glad.h" />
    <ClInclude Include="glad\include\KHR\khrplatform.h" />
    <ClInclude Include="happly.h" />
    <ClInclude Include="ImGuiHelpers.hpp" />
    <ClInclude Include="MarchingCubes.h" />
    <ClInclude Include="Mesh.hpp" />
    <ClInclude Include="MarchingCubes.hpp" />
    <ClInclude Include="Optimization.hpp" />
    <ClInclude Include="PointCorrespondenceError.hpp" />
    <ClInclude Include="Processing.hpp" />
    <ClInclude Include="Rendering.hpp" />
    <ClInclude Include="Settings.hpp" />
    <ClInclude Include="Shader.hpp" />
    <ClInclude Include="stb_image.h" />
    <ClInclude Include="Tables.hpp" />
    <ClInclude Include="Utils.hpp" />
    <ClInclude Include="Voxelgrid.hpp" />
  </ItemGroup>
  <ItemGroup>
    <None Include="packages.config" />
    <None Include="readme.md" />
    <None Include="shader\compute_shader.comp" />
    <None Include="shader\coordinate.fs" />
    <None Include="shader\coordinate.vs" />
    <None Include="shader\mesh.fs" />
    <None Include="shader\mesh.vs" />
    <None Include="shader\pointcloud.fs" />
    <None Include="shader\pointcloud.frag" />
    <None Include="shader\pointcloud.vs" />
    <None Include="shader\pointcloud_new.vert" />
    <None Include="shader\texture.fs" />
    <None Include="shader\texture.vs" />
    <None Include="shader\voxelgrid.frag" />
    <None Include="shader\voxelgrid.vert" />
    <None Include="shader\voxelgrid_cube.fs" />
    <None Include="shader\voxelgrid_cube.vs" />
    <None Include="shader\voxelgrid_trippy.fs" />
    <None Include="shader\voxelgrid_trippy.vs" />
  </ItemGroup>
</Project>