<?xml version="1.0" encoding="utf-8"?>
<Project ToolsVersion="4.0" xmlns="http://schemas.microsoft.com/developer/msbuild/2003">
  <ItemGroup>
    <ClCompile Include="glad\src\glad.c" />
    <ClCompile Include="MultiFileStream.cpp" />
    <ClCompile Include="std_image.cpp" />
  </ItemGroup>
  <ItemGroup>
    <ClInclude Include="camera.hpp" />
    <ClInclude Include="CaptureDevice.hpp" />
    <ClInclude Include="ComputeShader.hpp" />
    <ClInclude Include="Data.hpp" />
    <ClInclude Include="Enums.hpp" />
    <ClInclude Include="FileAccess.hpp" />
    <ClInclude Include="glad\include\glad\glad.h" />
    <ClInclude Include="glad\include\KHR\khrplatform.h" />
    <ClInclude Include="ImGuiHelpers.hpp" />
    <ClInclude Include="MarchingCubes.hpp" />
    <ClInclude Include="Processing.hpp" />
    <ClInclude Include="Rendering.hpp" />
    <ClInclude Include="Settings.hpp" />
    <ClInclude Include="Shader.hpp" />
    <ClInclude Include="stb_image.h" />
    <ClInclude Include="Voxelgrid.hpp" />
    <ClInclude Include="Optimization.hpp" />
  </ItemGroup>
  <ItemGroup>
    <None Include="packages.config" />
    <None Include="readme.md" />
    <None Include="shader\compute_shader.comp" />
    <None Include="shader\texture.vs">
      <Filter>Shader</Filter>
    </None>
    <None Include="shader\texture.fs">
      <Filter>Shader</Filter>
    </None>
    <None Include="shader\voxelgrid_trippy.vs">
      <Filter>Shader</Filter>
    </None>
    <None Include="shader\voxelgrid_trippy.fs">
      <Filter>Shader</Filter>
    </None>
    <None Include="shader\voxelgrid_cube.vs">
      <Filter>Shader</Filter>
    </None>
    <None Include="shader\voxelgrid_cube.fs">
      <Filter>Shader</Filter>
    </None>
    <None Include="shader\voxelgrid.vs">
      <Filter>Shader</Filter>
    </None>
    <None Include="shader\voxelgrid.fs">
      <Filter>Shader</Filter>
    </None>
    <None Include="shader\pointcloud.vs">
      <Filter>Shader</Filter>
    </None>
    <None Include="shader\coordinate.fs">
      <Filter>Shader</Filter>
    </None>
    <None Include="shader\coordinate.vs">
      <Filter>Shader</Filter>
    </None>
    <None Include="shader\pointcloud_new.vert">
      <Filter>Shader</Filter>
    </None>
    <None Include="shader\pointcloud.frag">
      <Filter>Shader</Filter>
    </None>
  </ItemGroup>
  <ItemGroup>
    <Filter Include="Shader">
      <UniqueIdentifier>{0756d57a-0053-4b05-9f92-a9a0ee2a40e0}</UniqueIdentifier>
    </Filter>
  </ItemGroup>
</Project>