
Microsoft Visual Studio Solution File, Format Version 12.00
# Visual Studio Version 16
VisualStudioVersion = 16.0.29411.108
MinimumVisualStudioVersion = 10.0.40219.1
Project("{8BC9CEB8-8B4A-11D0-8D11-00A0C91BC942}") = "align", "align\align.vcxproj", "{1444A017-A915-40F9-8EB9-7FD17CBEBFE2}"
EndProject
Project("{8BC9CEB8-8B4A-11D0-8D11-00A0C91BC942}") = "align-advanced", "align-advanced\align-advanced.vcxproj", "{1456A017-A92F-40F9-8EB9-7FD17CBEBFE2}"
EndProject
Project("{8BC9CEB8-8B4A-11D0-8D11-00A0C91BC942}") = "ar-basic", "ar-basic\ar-basic.vcxproj", "{19AF66ED-5E04-3B83-8BD4-C8E30177C69C}"
EndProject
Project("{8BC9CEB8-8B4A-11D0-8D11-00A0C91BC942}") = "callback", "callback\callback.vcxproj", "{A34602D8-79F0-4AC9-8CAC-4EB721624777}"
EndProject
Project("{8BC9CEB8-8B4A-11D0-8D11-00A0C91BC942}") = "capture", "capture\capture.vcxproj", "{C84602D8-7980-4AC9-8CAC-4EB721624777}"
EndProject
Project("{2150E333-8FDC-42A3-9474-1A3956D46DE8}") = "CV-examples", "CV-examples", "{1775BF11-4C06-4DC6-81C9-0E9A35040B30}"
EndProject
Project("{8BC9CEB8-8B4A-11D0-8D11-00A0C91BC942}") = "dnn", "dnn\dnn.vcxproj", "{3876A920-FD1B-45E5-8817-21AE4295E942}"
EndProject
Project("{8BC9CEB8-8B4A-11D0-8D11-00A0C91BC942}") = "grabcuts", "grabcuts\grabcuts.vcxproj", "{F8CCD4DA-CE3A-420A-B4B1-E4F74E3016AE}"
EndProject
Project("{8BC9CEB8-8B4A-11D0-8D11-00A0C91BC942}") = "hello-realsense", "hello-realsense\hello-realsense.vcxproj", "{76816DFD-4A19-4905-B0EA-07EE9434C17D}"
EndProject
Project("{8BC9CEB8-8B4A-11D0-8D11-00A0C91BC942}") = "im-show", "im-show\im-show.vcxproj", "{9630484B-3AA1-4150-A1B0-7BB91643FA0D}"
EndProject
Project("{8BC9CEB8-8B4A-11D0-8D11-00A0C91BC942}") = "measure", "measure\measure.vcxproj", "{1CA102D3-6988-44F2-9FB2-3A5AD083979F}"
EndProject
Project("{8BC9CEB8-8B4A-11D0-8D11-00A0C91BC942}") = "motion", "motion\motion.vcxproj", "{3FA10A5D-6988-44F2-9FB2-3A5AD083979F}"
EndProject
Project("{8BC9CEB8-8B4A-11D0-8D11-00A0C91BC942}") = "multicam", "multicam\multicam.vcxproj", "{D32BAAD2-EF83-4ACC-A3C9-BC355CB294D5}"
EndProject
Project("{8BC9CEB8-8B4A-11D0-8D11-00A0C91BC942}") = "pointcloud", "pointcloud\pointcloud.vcxproj", "{BA6A1FB3-A004-49C7-B3CD-6C5777C17369}"
EndProject
Project("{8BC9CEB8-8B4A-11D0-8D11-00A0C91BC942}") = "pose", "pose\pose.vcxproj", "{C1731FB3-A004-49C7-B3CD-6C5776A1F369}"
EndProject
Project("{8BC9CEB8-8B4A-11D0-8D11-00A0C91BC942}") = "pose-predict", "pose-predict\pose-predict.vcxproj", "{2D3A1FB3-355C-49C7-B3CD-6C5777C17369}"
EndProject
Project("{8BC9CEB8-8B4A-11D0-8D11-00A0C91BC942}") = "post-processing", "post-processing\post-processing.vcxproj", "{B65DC108-FC0A-4B91-AD1A-7ECEDF4C1C47}"
EndProject
Project("{8BC9CEB8-8B4A-11D0-8D11-00A0C91BC942}") = "record-playback", "record-playback\record-playback.vcxproj", "{3A5AC108-BB91-4B91-AD1A-7ECEDF4C1C47}"
EndProject
Project("{8BC9CEB8-8B4A-11D0-8D11-00A0C91BC942}") = "save-to-disk", "save-to-disk\save-to-disk.vcxproj", "{6EBD6670-4588-4585-B124-E5E0DB6789A3}"
EndProject
Project("{8BC9CEB8-8B4A-11D0-8D11-00A0C91BC942}") = "sensor-control", "sensor-control\sensor-control.vcxproj", "{F719B03F-0A71-4145-9170-02983C4975A1}"
EndProject
Project("{8BC9CEB8-8B4A-11D0-8D11-00A0C91BC942}") = "software-device", "software-device\software-device.vcxproj", "{0337D408-842F-4DAA-9D59-D28612A113FF}"
EndProject
Project("{8BC9CEB8-8B4A-11D0-8D11-00A0C91BC942}") = "trajectory", "trajectory\trajectory.vcxproj", "{C492F5C1-C615-3197-99C2-7278DFB18326}"
EndProject
Project("{2150E333-8FDC-42A3-9474-1A3956D46DE8}") = "3rd-Party", "3rd-Party", "{EB211708-B7C1-46A6-8099-35CBFC010736}"
EndProject
Project("{8BC9CEB8-8B4A-11D0-8D11-00A0C91BC942}") = "glfw-imgui", "..\third-party\glfw-imgui\src\glfw-imgui.vcxproj", "{EA621509-198F-4B16-99DA-AA911B721536}"
EndProject
Project("{8BC9CEB8-8B4A-11D0-8D11-00A0C91BC942}") = "VolumetricFusion", "VolumetricFusion\VolumetricFusion.vcxproj", "{9D1F0672-47E2-4248-921C-BE9731E71B70}"
EndProject
Project("{8BC9CEB8-8B4A-11D0-8D11-00A0C91BC942}") = "tsdf-fusion", "tsdf-fusion\tsdf-fusion.vcxproj", "{2789D455-383C-4697-B44C-39E5CDB79B04}"
EndProject
Global
	GlobalSection(SolutionConfigurationPlatforms) = preSolution
		Debug|x64 = Debug|x64
		Debug|x86 = Debug|x86
		Release|x64 = Release|x64
		Release|x86 = Release|x86
	EndGlobalSection
	GlobalSection(ProjectConfigurationPlatforms) = postSolution
		{1444A017-A915-40F9-8EB9-7FD17CBEBFE2}.Debug|x64.ActiveCfg = Debug|x64
		{1444A017-A915-40F9-8EB9-7FD17CBEBFE2}.Debug|x64.Build.0 = Debug|x64
		{1444A017-A915-40F9-8EB9-7FD17CBEBFE2}.Debug|x86.ActiveCfg = Debug|Win32
		{1444A017-A915-40F9-8EB9-7FD17CBEBFE2}.Debug|x86.Build.0 = Debug|Win32
		{1444A017-A915-40F9-8EB9-7FD17CBEBFE2}.Release|x64.ActiveCfg = Release|x64
		{1444A017-A915-40F9-8EB9-7FD17CBEBFE2}.Release|x64.Build.0 = Release|x64
		{1444A017-A915-40F9-8EB9-7FD17CBEBFE2}.Release|x86.ActiveCfg = Release|Win32
		{1444A017-A915-40F9-8EB9-7FD17CBEBFE2}.Release|x86.Build.0 = Release|Win32
		{1456A017-A92F-40F9-8EB9-7FD17CBEBFE2}.Debug|x64.ActiveCfg = Debug|x64
		{1456A017-A92F-40F9-8EB9-7FD17CBEBFE2}.Debug|x64.Build.0 = Debug|x64
		{1456A017-A92F-40F9-8EB9-7FD17CBEBFE2}.Debug|x86.ActiveCfg = Debug|Win32
		{1456A017-A92F-40F9-8EB9-7FD17CBEBFE2}.Debug|x86.Build.0 = Debug|Win32
		{1456A017-A92F-40F9-8EB9-7FD17CBEBFE2}.Release|x64.ActiveCfg = Release|x64
		{1456A017-A92F-40F9-8EB9-7FD17CBEBFE2}.Release|x64.Build.0 = Release|x64
		{1456A017-A92F-40F9-8EB9-7FD17CBEBFE2}.Release|x86.ActiveCfg = Release|Win32
		{1456A017-A92F-40F9-8EB9-7FD17CBEBFE2}.Release|x86.Build.0 = Release|Win32
		{19AF66ED-5E04-3B83-8BD4-C8E30177C69C}.Debug|x64.ActiveCfg = Debug|x64
		{19AF66ED-5E04-3B83-8BD4-C8E30177C69C}.Debug|x64.Build.0 = Debug|x64
		{19AF66ED-5E04-3B83-8BD4-C8E30177C69C}.Debug|x86.ActiveCfg = Debug|Win32
		{19AF66ED-5E04-3B83-8BD4-C8E30177C69C}.Debug|x86.Build.0 = Debug|Win32
		{19AF66ED-5E04-3B83-8BD4-C8E30177C69C}.Release|x64.ActiveCfg = Release|x64
		{19AF66ED-5E04-3B83-8BD4-C8E30177C69C}.Release|x64.Build.0 = Release|x64
		{19AF66ED-5E04-3B83-8BD4-C8E30177C69C}.Release|x86.ActiveCfg = Release|Win32
		{19AF66ED-5E04-3B83-8BD4-C8E30177C69C}.Release|x86.Build.0 = Release|Win32
		{A34602D8-79F0-4AC9-8CAC-4EB721624777}.Debug|x64.ActiveCfg = Debug|x64
		{A34602D8-79F0-4AC9-8CAC-4EB721624777}.Debug|x64.Build.0 = Debug|x64
		{A34602D8-79F0-4AC9-8CAC-4EB721624777}.Debug|x86.ActiveCfg = Debug|Win32
		{A34602D8-79F0-4AC9-8CAC-4EB721624777}.Debug|x86.Build.0 = Debug|Win32
		{A34602D8-79F0-4AC9-8CAC-4EB721624777}.Release|x64.ActiveCfg = Release|x64
		{A34602D8-79F0-4AC9-8CAC-4EB721624777}.Release|x64.Build.0 = Release|x64
		{A34602D8-79F0-4AC9-8CAC-4EB721624777}.Release|x86.ActiveCfg = Release|Win32
		{A34602D8-79F0-4AC9-8CAC-4EB721624777}.Release|x86.Build.0 = Release|Win32
		{C84602D8-7980-4AC9-8CAC-4EB721624777}.Debug|x64.ActiveCfg = Debug|x64
		{C84602D8-7980-4AC9-8CAC-4EB721624777}.Debug|x64.Build.0 = Debug|x64
		{C84602D8-7980-4AC9-8CAC-4EB721624777}.Debug|x86.ActiveCfg = Debug|Win32
		{C84602D8-7980-4AC9-8CAC-4EB721624777}.Debug|x86.Build.0 = Debug|Win32
		{C84602D8-7980-4AC9-8CAC-4EB721624777}.Release|x64.ActiveCfg = Release|x64
		{C84602D8-7980-4AC9-8CAC-4EB721624777}.Release|x64.Build.0 = Release|x64
		{C84602D8-7980-4AC9-8CAC-4EB721624777}.Release|x86.ActiveCfg = Release|Win32
		{C84602D8-7980-4AC9-8CAC-4EB721624777}.Release|x86.Build.0 = Release|Win32
		{3876A920-FD1B-45E5-8817-21AE4295E942}.Debug|x64.ActiveCfg = Debug|x64
		{3876A920-FD1B-45E5-8817-21AE4295E942}.Debug|x64.Build.0 = Debug|x64
		{3876A920-FD1B-45E5-8817-21AE4295E942}.Debug|x86.ActiveCfg = Debug|Win32
		{3876A920-FD1B-45E5-8817-21AE4295E942}.Debug|x86.Build.0 = Debug|Win32
		{3876A920-FD1B-45E5-8817-21AE4295E942}.Release|x64.ActiveCfg = Release|x64
		{3876A920-FD1B-45E5-8817-21AE4295E942}.Release|x64.Build.0 = Release|x64
		{3876A920-FD1B-45E5-8817-21AE4295E942}.Release|x86.ActiveCfg = Release|Win32
		{3876A920-FD1B-45E5-8817-21AE4295E942}.Release|x86.Build.0 = Release|Win32
		{F8CCD4DA-CE3A-420A-B4B1-E4F74E3016AE}.Debug|x64.ActiveCfg = Debug|x64
		{F8CCD4DA-CE3A-420A-B4B1-E4F74E3016AE}.Debug|x64.Build.0 = Debug|x64
		{F8CCD4DA-CE3A-420A-B4B1-E4F74E3016AE}.Debug|x86.ActiveCfg = Debug|Win32
		{F8CCD4DA-CE3A-420A-B4B1-E4F74E3016AE}.Debug|x86.Build.0 = Debug|Win32
		{F8CCD4DA-CE3A-420A-B4B1-E4F74E3016AE}.Release|x64.ActiveCfg = Release|x64
		{F8CCD4DA-CE3A-420A-B4B1-E4F74E3016AE}.Release|x64.Build.0 = Release|x64
		{F8CCD4DA-CE3A-420A-B4B1-E4F74E3016AE}.Release|x86.ActiveCfg = Release|Win32
		{F8CCD4DA-CE3A-420A-B4B1-E4F74E3016AE}.Release|x86.Build.0 = Release|Win32
		{76816DFD-4A19-4905-B0EA-07EE9434C17D}.Debug|x64.ActiveCfg = Debug|x64
		{76816DFD-4A19-4905-B0EA-07EE9434C17D}.Debug|x64.Build.0 = Debug|x64
		{76816DFD-4A19-4905-B0EA-07EE9434C17D}.Debug|x86.ActiveCfg = Debug|Win32
		{76816DFD-4A19-4905-B0EA-07EE9434C17D}.Debug|x86.Build.0 = Debug|Win32
		{76816DFD-4A19-4905-B0EA-07EE9434C17D}.Release|x64.ActiveCfg = Release|x64
		{76816DFD-4A19-4905-B0EA-07EE9434C17D}.Release|x64.Build.0 = Release|x64
		{76816DFD-4A19-4905-B0EA-07EE9434C17D}.Release|x86.ActiveCfg = Release|Win32
		{76816DFD-4A19-4905-B0EA-07EE9434C17D}.Release|x86.Build.0 = Release|Win32
		{9630484B-3AA1-4150-A1B0-7BB91643FA0D}.Debug|x64.ActiveCfg = Debug|x64
		{9630484B-3AA1-4150-A1B0-7BB91643FA0D}.Debug|x64.Build.0 = Debug|x64
		{9630484B-3AA1-4150-A1B0-7BB91643FA0D}.Debug|x86.ActiveCfg = Debug|Win32
		{9630484B-3AA1-4150-A1B0-7BB91643FA0D}.Debug|x86.Build.0 = Debug|Win32
		{9630484B-3AA1-4150-A1B0-7BB91643FA0D}.Release|x64.ActiveCfg = Release|x64
		{9630484B-3AA1-4150-A1B0-7BB91643FA0D}.Release|x64.Build.0 = Release|x64
		{9630484B-3AA1-4150-A1B0-7BB91643FA0D}.Release|x86.ActiveCfg = Release|Win32
		{9630484B-3AA1-4150-A1B0-7BB91643FA0D}.Release|x86.Build.0 = Release|Win32
		{1CA102D3-6988-44F2-9FB2-3A5AD083979F}.Debug|x64.ActiveCfg = Debug|x64
		{1CA102D3-6988-44F2-9FB2-3A5AD083979F}.Debug|x64.Build.0 = Debug|x64
		{1CA102D3-6988-44F2-9FB2-3A5AD083979F}.Debug|x86.ActiveCfg = Debug|Win32
		{1CA102D3-6988-44F2-9FB2-3A5AD083979F}.Debug|x86.Build.0 = Debug|Win32
		{1CA102D3-6988-44F2-9FB2-3A5AD083979F}.Release|x64.ActiveCfg = Release|x64
		{1CA102D3-6988-44F2-9FB2-3A5AD083979F}.Release|x64.Build.0 = Release|x64
		{1CA102D3-6988-44F2-9FB2-3A5AD083979F}.Release|x86.ActiveCfg = Release|Win32
		{1CA102D3-6988-44F2-9FB2-3A5AD083979F}.Release|x86.Build.0 = Release|Win32
		{3FA10A5D-6988-44F2-9FB2-3A5AD083979F}.Debug|x64.ActiveCfg = Debug|x64
		{3FA10A5D-6988-44F2-9FB2-3A5AD083979F}.Debug|x64.Build.0 = Debug|x64
		{3FA10A5D-6988-44F2-9FB2-3A5AD083979F}.Debug|x86.ActiveCfg = Debug|Win32
		{3FA10A5D-6988-44F2-9FB2-3A5AD083979F}.Debug|x86.Build.0 = Debug|Win32
		{3FA10A5D-6988-44F2-9FB2-3A5AD083979F}.Release|x64.ActiveCfg = Release|x64
		{3FA10A5D-6988-44F2-9FB2-3A5AD083979F}.Release|x64.Build.0 = Release|x64
		{3FA10A5D-6988-44F2-9FB2-3A5AD083979F}.Release|x86.ActiveCfg = Release|Win32
		{3FA10A5D-6988-44F2-9FB2-3A5AD083979F}.Release|x86.Build.0 = Release|Win32
		{D32BAAD2-EF83-4ACC-A3C9-BC355CB294D5}.Debug|x64.ActiveCfg = Debug|x64
		{D32BAAD2-EF83-4ACC-A3C9-BC355CB294D5}.Debug|x64.Build.0 = Debug|x64
		{D32BAAD2-EF83-4ACC-A3C9-BC355CB294D5}.Debug|x86.ActiveCfg = Debug|Win32
		{D32BAAD2-EF83-4ACC-A3C9-BC355CB294D5}.Debug|x86.Build.0 = Debug|Win32
		{D32BAAD2-EF83-4ACC-A3C9-BC355CB294D5}.Release|x64.ActiveCfg = Release|x64
		{D32BAAD2-EF83-4ACC-A3C9-BC355CB294D5}.Release|x64.Build.0 = Release|x64
		{D32BAAD2-EF83-4ACC-A3C9-BC355CB294D5}.Release|x86.ActiveCfg = Release|Win32
		{D32BAAD2-EF83-4ACC-A3C9-BC355CB294D5}.Release|x86.Build.0 = Release|Win32
		{BA6A1FB3-A004-49C7-B3CD-6C5777C17369}.Debug|x64.ActiveCfg = Debug|x64
		{BA6A1FB3-A004-49C7-B3CD-6C5777C17369}.Debug|x64.Build.0 = Debug|x64
		{BA6A1FB3-A004-49C7-B3CD-6C5777C17369}.Debug|x86.ActiveCfg = Debug|Win32
		{BA6A1FB3-A004-49C7-B3CD-6C5777C17369}.Debug|x86.Build.0 = Debug|Win32
		{BA6A1FB3-A004-49C7-B3CD-6C5777C17369}.Release|x64.ActiveCfg = Release|x64
		{BA6A1FB3-A004-49C7-B3CD-6C5777C17369}.Release|x64.Build.0 = Release|x64
		{BA6A1FB3-A004-49C7-B3CD-6C5777C17369}.Release|x86.ActiveCfg = Release|Win32
		{BA6A1FB3-A004-49C7-B3CD-6C5777C17369}.Release|x86.Build.0 = Release|Win32
		{C1731FB3-A004-49C7-B3CD-6C5776A1F369}.Debug|x64.ActiveCfg = Debug|x64
		{C1731FB3-A004-49C7-B3CD-6C5776A1F369}.Debug|x64.Build.0 = Debug|x64
		{C1731FB3-A004-49C7-B3CD-6C5776A1F369}.Debug|x86.ActiveCfg = Debug|Win32
		{C1731FB3-A004-49C7-B3CD-6C5776A1F369}.Debug|x86.Build.0 = Debug|Win32
		{C1731FB3-A004-49C7-B3CD-6C5776A1F369}.Release|x64.ActiveCfg = Release|x64
		{C1731FB3-A004-49C7-B3CD-6C5776A1F369}.Release|x64.Build.0 = Release|x64
		{C1731FB3-A004-49C7-B3CD-6C5776A1F369}.Release|x86.ActiveCfg = Release|Win32
		{C1731FB3-A004-49C7-B3CD-6C5776A1F369}.Release|x86.Build.0 = Release|Win32
		{2D3A1FB3-355C-49C7-B3CD-6C5777C17369}.Debug|x64.ActiveCfg = Debug|x64
		{2D3A1FB3-355C-49C7-B3CD-6C5777C17369}.Debug|x64.Build.0 = Debug|x64
		{2D3A1FB3-355C-49C7-B3CD-6C5777C17369}.Debug|x86.ActiveCfg = Debug|Win32
		{2D3A1FB3-355C-49C7-B3CD-6C5777C17369}.Debug|x86.Build.0 = Debug|Win32
		{2D3A1FB3-355C-49C7-B3CD-6C5777C17369}.Release|x64.ActiveCfg = Release|x64
		{2D3A1FB3-355C-49C7-B3CD-6C5777C17369}.Release|x64.Build.0 = Release|x64
		{2D3A1FB3-355C-49C7-B3CD-6C5777C17369}.Release|x86.ActiveCfg = Release|Win32
		{2D3A1FB3-355C-49C7-B3CD-6C5777C17369}.Release|x86.Build.0 = Release|Win32
		{B65DC108-FC0A-4B91-AD1A-7ECEDF4C1C47}.Debug|x64.ActiveCfg = Debug|x64
		{B65DC108-FC0A-4B91-AD1A-7ECEDF4C1C47}.Debug|x64.Build.0 = Debug|x64
		{B65DC108-FC0A-4B91-AD1A-7ECEDF4C1C47}.Debug|x86.ActiveCfg = Debug|Win32
		{B65DC108-FC0A-4B91-AD1A-7ECEDF4C1C47}.Debug|x86.Build.0 = Debug|Win32
		{B65DC108-FC0A-4B91-AD1A-7ECEDF4C1C47}.Release|x64.ActiveCfg = Release|x64
		{B65DC108-FC0A-4B91-AD1A-7ECEDF4C1C47}.Release|x64.Build.0 = Release|x64
		{B65DC108-FC0A-4B91-AD1A-7ECEDF4C1C47}.Release|x86.ActiveCfg = Release|Win32
		{B65DC108-FC0A-4B91-AD1A-7ECEDF4C1C47}.Release|x86.Build.0 = Release|Win32
		{3A5AC108-BB91-4B91-AD1A-7ECEDF4C1C47}.Debug|x64.ActiveCfg = Debug|x64
		{3A5AC108-BB91-4B91-AD1A-7ECEDF4C1C47}.Debug|x64.Build.0 = Debug|x64
		{3A5AC108-BB91-4B91-AD1A-7ECEDF4C1C47}.Debug|x86.ActiveCfg = Debug|Win32
		{3A5AC108-BB91-4B91-AD1A-7ECEDF4C1C47}.Release|x64.ActiveCfg = Release|x64
		{3A5AC108-BB91-4B91-AD1A-7ECEDF4C1C47}.Release|x64.Build.0 = Release|x64
		{3A5AC108-BB91-4B91-AD1A-7ECEDF4C1C47}.Release|x86.ActiveCfg = Release|Win32
		{3A5AC108-BB91-4B91-AD1A-7ECEDF4C1C47}.Release|x86.Build.0 = Release|Win32
		{6EBD6670-4588-4585-B124-E5E0DB6789A3}.Debug|x64.ActiveCfg = Debug|x64
		{6EBD6670-4588-4585-B124-E5E0DB6789A3}.Debug|x64.Build.0 = Debug|x64
		{6EBD6670-4588-4585-B124-E5E0DB6789A3}.Debug|x86.ActiveCfg = Debug|Win32
		{6EBD6670-4588-4585-B124-E5E0DB6789A3}.Debug|x86.Build.0 = Debug|Win32
		{6EBD6670-4588-4585-B124-E5E0DB6789A3}.Release|x64.ActiveCfg = Release|x64
		{6EBD6670-4588-4585-B124-E5E0DB6789A3}.Release|x64.Build.0 = Release|x64
		{6EBD6670-4588-4585-B124-E5E0DB6789A3}.Release|x86.ActiveCfg = Release|Win32
		{6EBD6670-4588-4585-B124-E5E0DB6789A3}.Release|x86.Build.0 = Release|Win32
		{F719B03F-0A71-4145-9170-02983C4975A1}.Debug|x64.ActiveCfg = Debug|x64
		{F719B03F-0A71-4145-9170-02983C4975A1}.Debug|x64.Build.0 = Debug|x64
		{F719B03F-0A71-4145-9170-02983C4975A1}.Debug|x86.ActiveCfg = Debug|Win32
		{F719B03F-0A71-4145-9170-02983C4975A1}.Debug|x86.Build.0 = Debug|Win32
		{F719B03F-0A71-4145-9170-02983C4975A1}.Release|x64.ActiveCfg = Release|x64
		{F719B03F-0A71-4145-9170-02983C4975A1}.Release|x64.Build.0 = Release|x64
		{F719B03F-0A71-4145-9170-02983C4975A1}.Release|x86.ActiveCfg = Release|Win32
		{F719B03F-0A71-4145-9170-02983C4975A1}.Release|x86.Build.0 = Release|Win32
		{0337D408-842F-4DAA-9D59-D28612A113FF}.Debug|x64.ActiveCfg = Debug|x64
		{0337D408-842F-4DAA-9D59-D28612A113FF}.Debug|x64.Build.0 = Debug|x64
		{0337D408-842F-4DAA-9D59-D28612A113FF}.Debug|x86.ActiveCfg = Debug|Win32
		{0337D408-842F-4DAA-9D59-D28612A113FF}.Debug|x86.Build.0 = Debug|Win32
		{0337D408-842F-4DAA-9D59-D28612A113FF}.Release|x64.ActiveCfg = Release|x64
		{0337D408-842F-4DAA-9D59-D28612A113FF}.Release|x64.Build.0 = Release|x64
		{0337D408-842F-4DAA-9D59-D28612A113FF}.Release|x86.ActiveCfg = Release|Win32
		{0337D408-842F-4DAA-9D59-D28612A113FF}.Release|x86.Build.0 = Release|Win32
		{C492F5C1-C615-3197-99C2-7278DFB18326}.Debug|x64.ActiveCfg = Debug|x64
		{C492F5C1-C615-3197-99C2-7278DFB18326}.Debug|x64.Build.0 = Debug|x64
		{C492F5C1-C615-3197-99C2-7278DFB18326}.Debug|x86.ActiveCfg = Debug|Win32
		{C492F5C1-C615-3197-99C2-7278DFB18326}.Debug|x86.Build.0 = Debug|Win32
		{C492F5C1-C615-3197-99C2-7278DFB18326}.Release|x64.ActiveCfg = Release|x64
		{C492F5C1-C615-3197-99C2-7278DFB18326}.Release|x64.Build.0 = Release|x64
		{C492F5C1-C615-3197-99C2-7278DFB18326}.Release|x86.ActiveCfg = Release|Win32
		{C492F5C1-C615-3197-99C2-7278DFB18326}.Release|x86.Build.0 = Release|Win32
		{EA621509-198F-4B16-99DA-AA911B721536}.Debug|x64.ActiveCfg = Debug|x64
		{EA621509-198F-4B16-99DA-AA911B721536}.Debug|x64.Build.0 = Debug|x64
		{EA621509-198F-4B16-99DA-AA911B721536}.Debug|x86.ActiveCfg = Debug|Win32
		{EA621509-198F-4B16-99DA-AA911B721536}.Debug|x86.Build.0 = Debug|Win32
		{EA621509-198F-4B16-99DA-AA911B721536}.Release|x64.ActiveCfg = Release|x64
		{EA621509-198F-4B16-99DA-AA911B721536}.Release|x64.Build.0 = Release|x64
		{EA621509-198F-4B16-99DA-AA911B721536}.Release|x86.ActiveCfg = Release|Win32
		{EA621509-198F-4B16-99DA-AA911B721536}.Release|x86.Build.0 = Release|Win32
		{9D1F0672-47E2-4248-921C-BE9731E71B70}.Debug|x64.ActiveCfg = Debug|x64
		{9D1F0672-47E2-4248-921C-BE9731E71B70}.Debug|x64.Build.0 = Debug|x64
		{9D1F0672-47E2-4248-921C-BE9731E71B70}.Debug|x86.ActiveCfg = Debug|Win32
		{9D1F0672-47E2-4248-921C-BE9731E71B70}.Debug|x86.Build.0 = Debug|Win32
		{9D1F0672-47E2-4248-921C-BE9731E71B70}.Release|x64.ActiveCfg = Release|x64
		{9D1F0672-47E2-4248-921C-BE9731E71B70}.Release|x64.Build.0 = Release|x64
		{9D1F0672-47E2-4248-921C-BE9731E71B70}.Release|x86.ActiveCfg = Release|Win32
		{9D1F0672-47E2-4248-921C-BE9731E71B70}.Release|x86.Build.0 = Release|Win32
		{2789D455-383C-4697-B44C-39E5CDB79B04}.Debug|x64.ActiveCfg = Debug|x64
		{2789D455-383C-4697-B44C-39E5CDB79B04}.Debug|x64.Build.0 = Debug|x64
		{2789D455-383C-4697-B44C-39E5CDB79B04}.Debug|x86.ActiveCfg = Debug|x64
		{2789D455-383C-4697-B44C-39E5CDB79B04}.Release|x64.ActiveCfg = Release|x64
		{2789D455-383C-4697-B44C-39E5CDB79B04}.Release|x64.Build.0 = Release|x64
		{2789D455-383C-4697-B44C-39E5CDB79B04}.Release|x86.ActiveCfg = Release|x64
	EndGlobalSection
	GlobalSection(SolutionProperties) = preSolution
		HideSolutionNode = FALSE
	EndGlobalSection
	GlobalSection(NestedProjects) = preSolution
		{3876A920-FD1B-45E5-8817-21AE4295E942} = {1775BF11-4C06-4DC6-81C9-0E9A35040B30}
		{F8CCD4DA-CE3A-420A-B4B1-E4F74E3016AE} = {1775BF11-4C06-4DC6-81C9-0E9A35040B30}
		{9630484B-3AA1-4150-A1B0-7BB91643FA0D} = {1775BF11-4C06-4DC6-81C9-0E9A35040B30}
		{EA621509-198F-4B16-99DA-AA911B721536} = {EB211708-B7C1-46A6-8099-35CBFC010736}
	EndGlobalSection
	GlobalSection(ExtensibilityGlobals) = postSolution
		SolutionGuid = {3611B329-3F0F-4623-B33D-7CABB0B16F3E}
	EndGlobalSection
EndGlobal
